{
  "name": "double-transaction-repo",
  "version": "0.1.0",
  "lockfileVersion": 1,
  "requires": true,
  "dependencies": {
    "@nestjs/common": {
      "version": "6.11.1",
      "resolved": "https://purecloud.jfrog.io/purecloud/api/npm/inin-internal-npm/@nestjs/common/-/common-6.11.1.tgz",
      "integrity": "sha1-i859WEncQrdBlmhe8JAgMS8ayl4=",
      "requires": {
        "axios": "0.19.2",
        "cli-color": "2.0.0",
        "tslib": "1.10.0",
        "uuid": "3.4.0"
      }
    },
    "@nestjs/core": {
      "version": "6.11.1",
      "resolved": "https://purecloud.jfrog.io/purecloud/api/npm/inin-internal-npm/@nestjs/core/-/core-6.11.1.tgz",
      "integrity": "sha1-VmuvDIRkl9/7xq+cOopIdQ55y9s=",
      "requires": {
        "@nuxtjs/opencollective": "0.2.2",
        "fast-safe-stringify": "2.0.7",
        "iterare": "1.2.0",
        "object-hash": "2.0.1",
        "path-to-regexp": "3.2.0",
        "tslib": "1.10.0",
        "uuid": "3.4.0"
      }
    },
    "@nestjs/platform-fastify": {
      "version": "6.11.1",
      "resolved": "https://purecloud.jfrog.io/purecloud/api/npm/inin-internal-npm/@nestjs/platform-fastify/-/platform-fastify-6.11.1.tgz",
      "integrity": "sha1-yxCgVP9++oxdSargfLbtHKSF0DE=",
      "requires": {
        "fastify": "2.11.0",
        "fastify-cors": "3.0.1",
        "fastify-formbody": "3.1.0",
        "path-to-regexp": "3.2.0",
        "tslib": "1.10.0"
      }
    },
    "@newrelic/aws-sdk": {
      "version": "1.1.1",
      "resolved": "https://purecloud.jfrog.io/purecloud/api/npm/inin-internal-npm/@newrelic/aws-sdk/-/aws-sdk-1.1.1.tgz",
      "integrity": "sha1-RlzNV6GQsEuQrvUGfpH/3rGOXBQ="
    },
    "@newrelic/koa": {
      "version": "3.0.0",
      "resolved": "https://purecloud.jfrog.io/purecloud/api/npm/inin-internal-npm/@newrelic/koa/-/koa-3.0.0.tgz",
      "integrity": "sha1-BI9jbGwGq06CNnSi7T1nZ3oi7VA=",
      "requires": {
        "methods": "^1.1.2"
      }
    },
    "@newrelic/native-metrics": {
      "version": "5.0.0",
      "resolved": "https://purecloud.jfrog.io/purecloud/api/npm/inin-internal-npm/@newrelic/native-metrics/-/native-metrics-5.0.0.tgz",
      "integrity": "sha1-0xNE5Pq/gucYdVLc4bEzWtCXwB0=",
      "optional": true,
      "requires": {
        "nan": "^2.14.0",
        "semver": "^5.5.1"
      }
    },
    "@newrelic/superagent": {
      "version": "2.0.0",
      "resolved": "https://purecloud.jfrog.io/purecloud/api/npm/inin-internal-npm/@newrelic/superagent/-/superagent-2.0.0.tgz",
      "integrity": "sha1-SCecH/inIABiAqLKdsOMbeHF5lA=",
      "requires": {
        "methods": "^1.1.2"
      }
    },
    "@nuxtjs/opencollective": {
      "version": "0.2.2",
      "resolved": "https://purecloud.jfrog.io/purecloud/api/npm/inin-internal-npm/@nuxtjs/opencollective/-/opencollective-0.2.2.tgz",
      "integrity": "sha1-Jqdh6/WIzJKkItfO6Zama9bidh4=",
      "requires": {
        "chalk": "^2.4.1",
        "consola": "^2.3.0",
        "node-fetch": "^2.3.0"
      }
    },
    "@types/aws-lambda": {
      "version": "8.10.40",
      "resolved": "https://purecloud.jfrog.io/purecloud/api/npm/inin-internal-npm/@types/aws-lambda/-/aws-lambda-8.10.40.tgz",
      "integrity": "sha1-1guRKpQl909gxXZnqMa5nVjfSto=",
      "dev": true
    },
    "@types/caseless": {
      "version": "0.12.2",
      "resolved": "https://purecloud.jfrog.io/purecloud/api/npm/inin-internal-npm/@types/caseless/-/caseless-0.12.2.tgz",
      "integrity": "sha1-9l09Y4ngHutFi9VNyPUrlalGO8g=",
      "dev": true
    },
    "@types/node": {
      "version": "13.5.0",
      "resolved": "https://purecloud.jfrog.io/purecloud/api/npm/inin-internal-npm/@types/node/-/node-13.5.0.tgz",
      "integrity": "sha1-TkmNvzVXlaYRqHrl74EahmDUJmI=",
      "dev": true
    },
    "@types/request": {
      "version": "2.48.4",
      "resolved": "https://purecloud.jfrog.io/purecloud/api/npm/inin-internal-npm/@types/request/-/request-2.48.4.tgz",
      "integrity": "sha1-3z1D17ntNVD+qhKGxuq/Bzjmz34=",
      "dev": true,
      "requires": {
        "@types/caseless": "*",
        "@types/node": "*",
        "@types/tough-cookie": "*",
        "form-data": "^2.5.0"
      }
    },
    "@types/request-promise-native": {
      "version": "1.0.17",
      "resolved": "https://purecloud.jfrog.io/purecloud/api/npm/inin-internal-npm/@types/request-promise-native/-/request-promise-native-1.0.17.tgz",
      "integrity": "sha1-dKLXJprr8Yub3zXwFFnPCnv8f6s=",
      "dev": true,
      "requires": {
        "@types/request": "*"
      }
    },
    "@types/tough-cookie": {
      "version": "2.3.6",
      "resolved": "https://purecloud.jfrog.io/purecloud/api/npm/inin-internal-npm/@types/tough-cookie/-/tough-cookie-2.3.6.tgz",
      "integrity": "sha1-yIBXngh9eg2xN3f/ivaJ9P/HsNU=",
      "dev": true
    },
    "@tyriar/fibonacci-heap": {
      "version": "2.0.9",
      "resolved": "https://purecloud.jfrog.io/purecloud/api/npm/inin-internal-npm/@tyriar/fibonacci-heap/-/fibonacci-heap-2.0.9.tgz",
      "integrity": "sha1-3z3L2xuRghaGAfYxg2YVfuFmZuk="
    },
    "abstract-logging": {
      "version": "2.0.0",
      "resolved": "https://purecloud.jfrog.io/purecloud/api/npm/inin-internal-npm/abstract-logging/-/abstract-logging-2.0.0.tgz",
      "integrity": "sha1-CKhYFJRsmO8G9CVq1HCroYhtRJA="
    },
    "agent-base": {
      "version": "4.3.0",
      "resolved": "https://purecloud.jfrog.io/purecloud/api/npm/inin-internal-npm/agent-base/-/agent-base-4.3.0.tgz",
      "integrity": "sha1-gWXwHENgCbzK0LHRIvBe13Dvxu4=",
      "requires": {
        "es6-promisify": "^5.0.0"
      }
    },
    "ajv": {
      "version": "6.11.0",
      "resolved": "https://purecloud.jfrog.io/purecloud/api/npm/inin-internal-npm/ajv/-/ajv-6.11.0.tgz",
      "integrity": "sha1-w2B8vIrjktilpTbyWyH45fP4f+k=",
      "requires": {
        "fast-deep-equal": "^3.1.1",
        "fast-json-stable-stringify": "^2.0.0",
        "json-schema-traverse": "^0.4.1",
        "uri-js": "^4.2.2"
      }
    },
    "ansi-regex": {
      "version": "2.1.1",
      "resolved": "https://purecloud.jfrog.io/purecloud/api/npm/inin-internal-npm/ansi-regex/-/ansi-regex-2.1.1.tgz",
      "integrity": "sha1-w7M6te42DYbg5ijwRorn7yfWVN8="
    },
    "ansi-styles": {
      "version": "3.2.1",
      "resolved": "https://purecloud.jfrog.io/purecloud/api/npm/inin-internal-npm/ansi-styles/-/ansi-styles-3.2.1.tgz",
      "integrity": "sha1-QfuyAkPlCxK+DwS43tvwdSDOhB0=",
      "requires": {
        "color-convert": "^1.9.0"
      }
    },
    "archy": {
      "version": "1.0.0",
      "resolved": "https://purecloud.jfrog.io/purecloud/api/npm/inin-internal-npm/archy/-/archy-1.0.0.tgz",
      "integrity": "sha1-+cjBN1fMHde8N5rHeyxipcKGjEA="
    },
    "asn1": {
      "version": "0.2.4",
      "resolved": "https://purecloud.jfrog.io/purecloud/api/npm/inin-internal-npm/asn1/-/asn1-0.2.4.tgz",
      "integrity": "sha1-jSR136tVO7M+d7VOWeiAu4ziMTY=",
      "requires": {
        "safer-buffer": "~2.1.0"
      }
    },
    "assert-plus": {
      "version": "1.0.0",
      "resolved": "https://purecloud.jfrog.io/purecloud/api/npm/inin-internal-npm/assert-plus/-/assert-plus-1.0.0.tgz",
      "integrity": "sha1-8S4PPF13sLHN2RRpQuTpbB5N1SU="
    },
    "async": {
      "version": "2.6.3",
      "resolved": "https://purecloud.jfrog.io/purecloud/api/npm/inin-internal-npm/async/-/async-2.6.3.tgz",
      "integrity": "sha1-1yYl4jRKNlbjo61Pp0n6gymdgv8=",
      "requires": {
        "lodash": "^4.17.14"
      }
    },
    "asynckit": {
      "version": "0.4.0",
      "resolved": "https://purecloud.jfrog.io/purecloud/api/npm/inin-internal-npm/asynckit/-/asynckit-0.4.0.tgz",
      "integrity": "sha1-x57Zf380y48robyXkLzDZkdLS3k="
    },
    "avvio": {
      "version": "6.3.0",
      "resolved": "https://purecloud.jfrog.io/purecloud/api/npm/inin-internal-npm/avvio/-/avvio-6.3.0.tgz",
      "integrity": "sha1-szxPeCdVxWDdzh2vPrl5aWbgxbU=",
      "requires": {
        "archy": "^1.0.0",
        "debug": "^4.0.0",
        "fastq": "^1.6.0"
      },
      "dependencies": {
        "debug": {
          "version": "4.1.1",
          "resolved": "https://purecloud.jfrog.io/purecloud/api/npm/inin-internal-npm/debug/-/debug-4.1.1.tgz",
          "integrity": "sha1-O3ImAlUQnGtYnO4FDx1RYTlmR5E=",
          "requires": {
            "ms": "^2.1.1"
          }
        }
      }
    },
    "aws-sign2": {
      "version": "0.7.0",
      "resolved": "https://purecloud.jfrog.io/purecloud/api/npm/inin-internal-npm/aws-sign2/-/aws-sign2-0.7.0.tgz",
      "integrity": "sha1-tG6JCTSpWR8tL2+G1+ap8bP+dqg="
    },
    "aws4": {
      "version": "1.9.1",
      "resolved": "https://purecloud.jfrog.io/purecloud/api/npm/inin-internal-npm/aws4/-/aws4-1.9.1.tgz",
      "integrity": "sha1-fjPY99RJs/ZzzXLeuavcVS2+Uo4="
    },
    "axios": {
      "version": "0.19.2",
      "resolved": "https://purecloud.jfrog.io/purecloud/api/npm/inin-internal-npm/axios/-/axios-0.19.2.tgz",
      "integrity": "sha1-PqNsXYgY0NX4qKl6bTa4bNwAyyc=",
      "requires": {
        "follow-redirects": "1.5.10"
      }
    },
    "bcrypt-pbkdf": {
      "version": "1.0.2",
      "resolved": "https://purecloud.jfrog.io/purecloud/api/npm/inin-internal-npm/bcrypt-pbkdf/-/bcrypt-pbkdf-1.0.2.tgz",
      "integrity": "sha1-pDAdOJtqQ/m2f/PKEaP2Y342Dp4=",
      "requires": {
        "tweetnacl": "^0.14.3"
      }
    },
    "buffer-from": {
      "version": "1.1.1",
      "resolved": "https://purecloud.jfrog.io/purecloud/api/npm/inin-internal-npm/buffer-from/-/buffer-from-1.1.1.tgz",
      "integrity": "sha1-MnE7wCj3XAL9txDXx7zsHyxgcO8="
    },
    "caseless": {
      "version": "0.12.0",
      "resolved": "https://purecloud.jfrog.io/purecloud/api/npm/inin-internal-npm/caseless/-/caseless-0.12.0.tgz",
      "integrity": "sha1-G2gcIf+EAzyCZUMJBolCDRhxUdw="
    },
    "chalk": {
      "version": "2.4.2",
      "resolved": "https://purecloud.jfrog.io/purecloud/api/npm/inin-internal-npm/chalk/-/chalk-2.4.2.tgz",
      "integrity": "sha1-zUJUFnelQzPPVBpJEIwUMrRMlCQ=",
      "requires": {
        "ansi-styles": "^3.2.1",
        "escape-string-regexp": "^1.0.5",
        "supports-color": "^5.3.0"
      }
    },
    "cli-color": {
      "version": "2.0.0",
      "resolved": "https://purecloud.jfrog.io/purecloud/api/npm/inin-internal-npm/cli-color/-/cli-color-2.0.0.tgz",
      "integrity": "sha1-Eez7WKeSeM9gNaYMVOM4+dg3iXw=",
      "requires": {
        "ansi-regex": "^2.1.1",
        "d": "^1.0.1",
        "es5-ext": "^0.10.51",
        "es6-iterator": "^2.0.3",
        "memoizee": "^0.4.14",
        "timers-ext": "^0.1.7"
      }
    },
    "color-convert": {
      "version": "1.9.3",
      "resolved": "https://purecloud.jfrog.io/purecloud/api/npm/inin-internal-npm/color-convert/-/color-convert-1.9.3.tgz",
      "integrity": "sha1-u3GFBpDh8TZWfeYp0tVHHe2kweg=",
      "requires": {
        "color-name": "1.1.3"
      }
    },
    "color-name": {
      "version": "1.1.3",
      "resolved": "https://purecloud.jfrog.io/purecloud/api/npm/inin-internal-npm/color-name/-/color-name-1.1.3.tgz",
      "integrity": "sha1-p9BVi9icQveV3UIyj3QIMcpTvCU="
    },
    "combined-stream": {
      "version": "1.0.8",
      "resolved": "https://purecloud.jfrog.io/purecloud/api/npm/inin-internal-npm/combined-stream/-/combined-stream-1.0.8.tgz",
      "integrity": "sha1-w9RaizT9cwYxoRCoolIGgrMdWn8=",
      "requires": {
        "delayed-stream": "~1.0.0"
      }
    },
    "concat-stream": {
      "version": "2.0.0",
      "resolved": "https://purecloud.jfrog.io/purecloud/api/npm/inin-internal-npm/concat-stream/-/concat-stream-2.0.0.tgz",
      "integrity": "sha1-QUz1r3kKSMYKub5FJ9VtXkETPLE=",
      "requires": {
        "buffer-from": "^1.0.0",
        "inherits": "^2.0.3",
        "readable-stream": "^3.0.2",
        "typedarray": "^0.0.6"
      }
    },
    "consola": {
      "version": "2.11.3",
      "resolved": "https://purecloud.jfrog.io/purecloud/api/npm/inin-internal-npm/consola/-/consola-2.11.3.tgz",
      "integrity": "sha1-9zFYNiJMFDrFCUtH/UyBbCzRVg4="
    },
    "cookie": {
      "version": "0.4.0",
      "resolved": "https://purecloud.jfrog.io/purecloud/api/npm/inin-internal-npm/cookie/-/cookie-0.4.0.tgz",
      "integrity": "sha1-vrQ35wIrO21JAZ0IhmUwPr6cFLo="
    },
    "core-util-is": {
      "version": "1.0.2",
      "resolved": "https://purecloud.jfrog.io/purecloud/api/npm/inin-internal-npm/core-util-is/-/core-util-is-1.0.2.tgz",
      "integrity": "sha1-tf1UIgqivFq1eqtxQMlAdUUDwac="
    },
    "d": {
      "version": "1.0.1",
      "resolved": "https://purecloud.jfrog.io/purecloud/api/npm/inin-internal-npm/d/-/d-1.0.1.tgz",
      "integrity": "sha1-hpgJU3LVjb7jRv/Qxwk/mfj561o=",
      "requires": {
        "es5-ext": "^0.10.50",
        "type": "^1.0.1"
      }
    },
    "dashdash": {
      "version": "1.14.1",
      "resolved": "https://purecloud.jfrog.io/purecloud/api/npm/inin-internal-npm/dashdash/-/dashdash-1.14.1.tgz",
      "integrity": "sha1-hTz6D3y+L+1d4gMmuN1YEDX24vA=",
      "requires": {
        "assert-plus": "^1.0.0"
      }
    },
    "debug": {
      "version": "3.2.6",
      "resolved": "https://purecloud.jfrog.io/purecloud/api/npm/inin-internal-npm/debug/-/debug-3.2.6.tgz",
      "integrity": "sha1-6D0X3hbYp++3cX7b5fsQE17uYps=",
      "requires": {
        "ms": "^2.1.1"
      }
    },
    "deep-is": {
      "version": "0.1.3",
      "resolved": "https://purecloud.jfrog.io/purecloud/api/npm/inin-internal-npm/deep-is/-/deep-is-0.1.3.tgz",
      "integrity": "sha1-s2nW+128E+7PUk+RsHD+7cNXzzQ="
    },
    "deepmerge": {
      "version": "4.2.2",
      "resolved": "https://purecloud.jfrog.io/purecloud/api/npm/inin-internal-npm/deepmerge/-/deepmerge-4.2.2.tgz",
      "integrity": "sha1-RNLqNnm49NT/ujPwPYZfwee/SVU="
    },
    "delayed-stream": {
      "version": "1.0.0",
      "resolved": "https://purecloud.jfrog.io/purecloud/api/npm/inin-internal-npm/delayed-stream/-/delayed-stream-1.0.0.tgz",
      "integrity": "sha1-3zrhmayt+31ECqrgsp4icrJOxhk="
    },
    "ecc-jsbn": {
      "version": "0.1.2",
      "resolved": "https://purecloud.jfrog.io/purecloud/api/npm/inin-internal-npm/ecc-jsbn/-/ecc-jsbn-0.1.2.tgz",
      "integrity": "sha1-OoOpBOVDUyh4dMVkt1SThoSamMk=",
      "requires": {
        "jsbn": "~0.1.0",
        "safer-buffer": "^2.1.0"
      }
    },
    "es5-ext": {
      "version": "0.10.53",
      "resolved": "https://purecloud.jfrog.io/purecloud/api/npm/inin-internal-npm/es5-ext/-/es5-ext-0.10.53.tgz",
      "integrity": "sha1-k8WjrP2+8nUiCtcmRK0C7hg2jeE=",
      "requires": {
        "es6-iterator": "~2.0.3",
        "es6-symbol": "~3.1.3",
        "next-tick": "~1.0.0"
      }
    },
    "es6-iterator": {
      "version": "2.0.3",
      "resolved": "https://purecloud.jfrog.io/purecloud/api/npm/inin-internal-npm/es6-iterator/-/es6-iterator-2.0.3.tgz",
      "integrity": "sha1-p96IkUGgWpSwhUQDstCg+/qY87c=",
      "requires": {
        "d": "1",
        "es5-ext": "^0.10.35",
        "es6-symbol": "^3.1.1"
      }
    },
    "es6-promise": {
      "version": "4.2.8",
      "resolved": "https://purecloud.jfrog.io/purecloud/api/npm/inin-internal-npm/es6-promise/-/es6-promise-4.2.8.tgz",
      "integrity": "sha1-TrIVlMlyvEBVPSduUQU5FD21Pgo="
    },
    "es6-promisify": {
      "version": "5.0.0",
      "resolved": "https://purecloud.jfrog.io/purecloud/api/npm/inin-internal-npm/es6-promisify/-/es6-promisify-5.0.0.tgz",
      "integrity": "sha1-UQnWLz5W6pZ8S2NQWu8IKRyKUgM=",
      "requires": {
        "es6-promise": "^4.0.3"
      }
    },
    "es6-symbol": {
      "version": "3.1.3",
      "resolved": "https://purecloud.jfrog.io/purecloud/api/npm/inin-internal-npm/es6-symbol/-/es6-symbol-3.1.3.tgz",
      "integrity": "sha1-utXTwbzawoJp9MszHkMceKxwXRg=",
      "requires": {
        "d": "^1.0.1",
        "ext": "^1.1.2"
      }
    },
    "es6-weak-map": {
      "version": "2.0.3",
      "resolved": "https://purecloud.jfrog.io/purecloud/api/npm/inin-internal-npm/es6-weak-map/-/es6-weak-map-2.0.3.tgz",
      "integrity": "sha1-ttofFswswNm+Q+a9v8Xn383zHVM=",
      "requires": {
        "d": "1",
        "es5-ext": "^0.10.46",
        "es6-iterator": "^2.0.3",
        "es6-symbol": "^3.1.1"
      }
    },
    "escape-string-regexp": {
      "version": "1.0.5",
      "resolved": "https://purecloud.jfrog.io/purecloud/api/npm/inin-internal-npm/escape-string-regexp/-/escape-string-regexp-1.0.5.tgz",
      "integrity": "sha1-G2HAViGQqN/2rjuyzwIAyhMLhtQ="
    },
    "escodegen": {
      "version": "1.13.0",
      "resolved": "https://purecloud.jfrog.io/purecloud/api/npm/inin-internal-npm/escodegen/-/escodegen-1.13.0.tgz",
      "integrity": "sha1-x635vT88xnW7dS8gL3mnIBicqyk=",
      "requires": {
        "esprima": "^4.0.1",
        "estraverse": "^4.2.0",
        "esutils": "^2.0.2",
        "optionator": "^0.8.1",
        "source-map": "~0.6.1"
      }
    },
    "esprima": {
      "version": "4.0.1",
      "resolved": "https://purecloud.jfrog.io/purecloud/api/npm/inin-internal-npm/esprima/-/esprima-4.0.1.tgz",
      "integrity": "sha1-E7BM2z5sXRnfkatph6hpVhmwqnE="
    },
    "estraverse": {
      "version": "4.3.0",
      "resolved": "https://purecloud.jfrog.io/purecloud/api/npm/inin-internal-npm/estraverse/-/estraverse-4.3.0.tgz",
      "integrity": "sha1-OYrT88WiSUi+dyXoPRGn3ijNvR0="
    },
    "esutils": {
      "version": "2.0.3",
      "resolved": "https://purecloud.jfrog.io/purecloud/api/npm/inin-internal-npm/esutils/-/esutils-2.0.3.tgz",
      "integrity": "sha1-dNLrTeC42hKTcRkQ1Qd1ubcQ72Q="
    },
    "event-emitter": {
      "version": "0.3.5",
      "resolved": "https://purecloud.jfrog.io/purecloud/api/npm/inin-internal-npm/event-emitter/-/event-emitter-0.3.5.tgz",
      "integrity": "sha1-34xp7vFkeSPHFXuc6DhAYQsCzDk=",
      "requires": {
        "d": "1",
        "es5-ext": "~0.10.14"
      }
    },
    "ext": {
      "version": "1.4.0",
      "resolved": "https://purecloud.jfrog.io/purecloud/api/npm/inin-internal-npm/ext/-/ext-1.4.0.tgz",
      "integrity": "sha1-ia56BxWPedNVF4gpBDJAd+Q3kkQ=",
      "requires": {
        "type": "^2.0.0"
      },
      "dependencies": {
        "type": {
          "version": "2.0.0",
          "resolved": "https://purecloud.jfrog.io/purecloud/api/npm/inin-internal-npm/type/-/type-2.0.0.tgz",
          "integrity": "sha1-Xxb/bvLrRPJgSU2uJxAzspwJqcM="
        }
      }
    },
    "extend": {
      "version": "3.0.2",
      "resolved": "https://purecloud.jfrog.io/purecloud/api/npm/inin-internal-npm/extend/-/extend-3.0.2.tgz",
      "integrity": "sha1-+LETa0Bx+9jrFAr/hYsQGewpFfo="
    },
    "extsprintf": {
      "version": "1.3.0",
      "resolved": "https://purecloud.jfrog.io/purecloud/api/npm/inin-internal-npm/extsprintf/-/extsprintf-1.3.0.tgz",
      "integrity": "sha1-lpGEQOMEGnpBT4xS48V06zw+HgU="
    },
    "fast-decode-uri-component": {
      "version": "1.0.1",
      "resolved": "https://purecloud.jfrog.io/purecloud/api/npm/inin-internal-npm/fast-decode-uri-component/-/fast-decode-uri-component-1.0.1.tgz",
      "integrity": "sha1-Rvi2wisw/3qBNX1PWav66TggJUM="
    },
    "fast-deep-equal": {
      "version": "3.1.1",
      "resolved": "https://purecloud.jfrog.io/purecloud/api/npm/inin-internal-npm/fast-deep-equal/-/fast-deep-equal-3.1.1.tgz",
      "integrity": "sha1-VFFFB3xQFJHjOxXsQIwpQ3bpSuQ="
    },
    "fast-json-stable-stringify": {
      "version": "2.1.0",
      "resolved": "https://purecloud.jfrog.io/purecloud/api/npm/inin-internal-npm/fast-json-stable-stringify/-/fast-json-stable-stringify-2.1.0.tgz",
      "integrity": "sha1-h0v2nG9ATCtdmcSBNBOZ/VWJJjM="
    },
    "fast-json-stringify": {
      "version": "1.16.1",
      "resolved": "https://purecloud.jfrog.io/purecloud/api/npm/inin-internal-npm/fast-json-stringify/-/fast-json-stringify-1.16.1.tgz",
      "integrity": "sha1-1iHnLzYAEGUHfn3q9DzqTg4fQeM=",
      "requires": {
        "ajv": "^6.10.2",
        "deepmerge": "^4.0.0",
        "string-similarity": "^4.0.1"
      }
    },
    "fast-levenshtein": {
      "version": "2.0.6",
      "resolved": "https://purecloud.jfrog.io/purecloud/api/npm/inin-internal-npm/fast-levenshtein/-/fast-levenshtein-2.0.6.tgz",
      "integrity": "sha1-PYpcZog6FqMMqGQ+hR8Zuqd5eRc="
    },
    "fast-redact": {
      "version": "2.0.0",
      "resolved": "https://purecloud.jfrog.io/purecloud/api/npm/inin-internal-npm/fast-redact/-/fast-redact-2.0.0.tgz",
      "integrity": "sha1-F7uPXh9W7PSjjIRVmF5eq0xHhDE="
    },
    "fast-safe-stringify": {
      "version": "2.0.7",
      "resolved": "https://purecloud.jfrog.io/purecloud/api/npm/inin-internal-npm/fast-safe-stringify/-/fast-safe-stringify-2.0.7.tgz",
      "integrity": "sha1-EkqohYmSYfaK7bQqfAgN6dpgh0M="
    },
    "fastify": {
      "version": "2.11.0",
      "resolved": "https://purecloud.jfrog.io/purecloud/api/npm/inin-internal-npm/fastify/-/fastify-2.11.0.tgz",
      "integrity": "sha1-3oWd3qGZxIUKpjllMwJ/vaaZdZk=",
      "requires": {
        "abstract-logging": "^2.0.0",
        "ajv": "^6.10.2",
        "avvio": "^6.2.2",
        "fast-json-stringify": "^1.15.7",
        "find-my-way": "^2.2.0",
        "flatstr": "^1.0.12",
        "light-my-request": "^3.6.2",
        "middie": "^4.1.0",
        "pino": "^5.14.0",
        "proxy-addr": "^2.0.4",
        "readable-stream": "^3.1.1",
        "rfdc": "^1.1.2",
        "secure-json-parse": "^2.0.0",
        "tiny-lru": "^7.0.2"
      }
    },
    "fastify-cors": {
      "version": "3.0.1",
      "resolved": "https://purecloud.jfrog.io/purecloud/api/npm/inin-internal-npm/fastify-cors/-/fastify-cors-3.0.1.tgz",
      "integrity": "sha1-Z3OqN1a+uIZjdzbul6PWBj2dDxA=",
      "requires": {
        "fastify-plugin": "^1.6.0",
        "vary": "^1.1.2"
      }
    },
    "fastify-formbody": {
      "version": "3.1.0",
      "resolved": "https://purecloud.jfrog.io/purecloud/api/npm/inin-internal-npm/fastify-formbody/-/fastify-formbody-3.1.0.tgz",
      "integrity": "sha1-YEza/bnjr2Bo5tmUCYW69pLW6SI=",
      "requires": {
        "fastify-plugin": "^1.0.0",
        "qs": "^6.5.1"
      }
    },
    "fastify-plugin": {
      "version": "1.6.0",
      "resolved": "https://purecloud.jfrog.io/purecloud/api/npm/inin-internal-npm/fastify-plugin/-/fastify-plugin-1.6.0.tgz",
      "integrity": "sha1-yBmLCGCPIMUCtdrSazbpricgbXw=",
      "requires": {
        "semver": "^6.0.0"
      },
      "dependencies": {
        "semver": {
          "version": "6.3.0",
          "resolved": "https://purecloud.jfrog.io/purecloud/api/npm/inin-internal-npm/semver/-/semver-6.3.0.tgz",
          "integrity": "sha1-7gpkyK9ejO6mdoexM3YeG+y9HT0="
        }
      }
    },
    "fastq": {
      "version": "1.6.0",
      "resolved": "https://purecloud.jfrog.io/purecloud/api/npm/inin-internal-npm/fastq/-/fastq-1.6.0.tgz",
      "integrity": "sha1-Tsijj0rCXyFJJnOtt+rpz+9H0cI=",
      "requires": {
        "reusify": "^1.0.0"
      }
    },
    "find-my-way": {
      "version": "2.2.1",
      "resolved": "https://purecloud.jfrog.io/purecloud/api/npm/inin-internal-npm/find-my-way/-/find-my-way-2.2.1.tgz",
      "integrity": "sha1-JI6TkkOvG53zaLzJuMgoYwbKrn0=",
      "requires": {
        "fast-decode-uri-component": "^1.0.0",
        "safe-regex2": "^2.0.0",
        "semver-store": "^0.3.0"
      }
    },
    "flatstr": {
      "version": "1.0.12",
      "resolved": "https://purecloud.jfrog.io/purecloud/api/npm/inin-internal-npm/flatstr/-/flatstr-1.0.12.tgz",
      "integrity": "sha1-wrpqCBc+27bJZA4wVbleKHzrWTE="
    },
    "follow-redirects": {
      "version": "1.5.10",
      "resolved": "https://purecloud.jfrog.io/purecloud/api/npm/inin-internal-npm/follow-redirects/-/follow-redirects-1.5.10.tgz",
      "integrity": "sha1-e3qfmuov3/NnhqlP9kPtB/T/Xio=",
      "requires": {
        "debug": "=3.1.0"
      },
      "dependencies": {
        "debug": {
          "version": "3.1.0",
          "resolved": "https://purecloud.jfrog.io/purecloud/api/npm/inin-internal-npm/debug/-/debug-3.1.0.tgz",
          "integrity": "sha1-W7WgZyYotkFJVmuhaBnmFRjGcmE=",
          "requires": {
            "ms": "2.0.0"
          }
        },
        "ms": {
          "version": "2.0.0",
          "resolved": "https://purecloud.jfrog.io/purecloud/api/npm/inin-internal-npm/ms/-/ms-2.0.0.tgz",
          "integrity": "sha1-VgiurfwAvmwpAd9fmGF4jeDVl8g="
        }
      }
    },
    "forever-agent": {
      "version": "0.6.1",
      "resolved": "https://purecloud.jfrog.io/purecloud/api/npm/inin-internal-npm/forever-agent/-/forever-agent-0.6.1.tgz",
      "integrity": "sha1-+8cfDEGt6zf5bFd60e1C2P2sypE="
    },
    "form-data": {
      "version": "2.5.1",
      "resolved": "https://purecloud.jfrog.io/purecloud/api/npm/inin-internal-npm/form-data/-/form-data-2.5.1.tgz",
      "integrity": "sha1-8svsV7XlniNxbhKP5E1OXdI4lfQ=",
      "dev": true,
      "requires": {
        "asynckit": "^0.4.0",
        "combined-stream": "^1.0.6",
        "mime-types": "^2.1.12"
      }
    },
    "forwarded": {
      "version": "0.1.2",
      "resolved": "https://purecloud.jfrog.io/purecloud/api/npm/inin-internal-npm/forwarded/-/forwarded-0.1.2.tgz",
      "integrity": "sha1-mMI9qxF1ZXuMBXPozszZGw/xjIQ="
    },
    "getpass": {
      "version": "0.1.7",
      "resolved": "https://purecloud.jfrog.io/purecloud/api/npm/inin-internal-npm/getpass/-/getpass-0.1.7.tgz",
      "integrity": "sha1-Xv+OPmhNVprkyysSgmBOi6YhSfo=",
      "requires": {
        "assert-plus": "^1.0.0"
      }
    },
    "har-schema": {
      "version": "2.0.0",
      "resolved": "https://purecloud.jfrog.io/purecloud/api/npm/inin-internal-npm/har-schema/-/har-schema-2.0.0.tgz",
      "integrity": "sha1-qUwiJOvKwEeCoNkDVSHyRzW37JI="
    },
    "har-validator": {
      "version": "5.1.3",
      "resolved": "https://purecloud.jfrog.io/purecloud/api/npm/inin-internal-npm/har-validator/-/har-validator-5.1.3.tgz",
      "integrity": "sha1-HvievT5JllV2de7ZiTEQ3DUPoIA=",
      "requires": {
        "ajv": "^6.5.5",
        "har-schema": "^2.0.0"
      }
    },
    "has-flag": {
      "version": "3.0.0",
      "resolved": "https://purecloud.jfrog.io/purecloud/api/npm/inin-internal-npm/has-flag/-/has-flag-3.0.0.tgz",
      "integrity": "sha1-tdRU3CGZriJWmfNGfloH87lVuv0="
    },
    "http-signature": {
      "version": "1.2.0",
      "resolved": "https://purecloud.jfrog.io/purecloud/api/npm/inin-internal-npm/http-signature/-/http-signature-1.2.0.tgz",
      "integrity": "sha1-muzZJRFHcvPZW2WmCruPfBj7rOE=",
      "requires": {
        "assert-plus": "^1.0.0",
        "jsprim": "^1.2.2",
        "sshpk": "^1.7.0"
      }
    },
    "https-proxy-agent": {
      "version": "3.0.1",
      "resolved": "https://purecloud.jfrog.io/purecloud/api/npm/inin-internal-npm/https-proxy-agent/-/https-proxy-agent-3.0.1.tgz",
      "integrity": "sha1-uMKGQz6HYCMRsByOo0QT2Fakr4E=",
      "requires": {
        "agent-base": "^4.3.0",
        "debug": "^3.1.0"
      }
    },
    "inherits": {
      "version": "2.0.4",
      "resolved": "https://purecloud.jfrog.io/purecloud/api/npm/inin-internal-npm/inherits/-/inherits-2.0.4.tgz",
      "integrity": "sha1-D6LGT5MpF8NDOg3tVTY6rjdBa3w="
    },
    "ipaddr.js": {
      "version": "1.9.0",
      "resolved": "https://purecloud.jfrog.io/purecloud/api/npm/inin-internal-npm/ipaddr.js/-/ipaddr.js-1.9.0.tgz",
      "integrity": "sha1-N9905DCg5HVQ/lSi3v4w2KzZX2U="
    },
    "is-promise": {
      "version": "2.1.0",
      "resolved": "https://purecloud.jfrog.io/purecloud/api/npm/inin-internal-npm/is-promise/-/is-promise-2.1.0.tgz",
      "integrity": "sha1-eaKp7OfwlugPNtKy87wWwf9L8/o="
    },
    "is-typedarray": {
      "version": "1.0.0",
      "resolved": "https://purecloud.jfrog.io/purecloud/api/npm/inin-internal-npm/is-typedarray/-/is-typedarray-1.0.0.tgz",
      "integrity": "sha1-5HnICFjfDBsR3dppQPlgEfzaSpo="
    },
    "isstream": {
      "version": "0.1.2",
      "resolved": "https://purecloud.jfrog.io/purecloud/api/npm/inin-internal-npm/isstream/-/isstream-0.1.2.tgz",
      "integrity": "sha1-R+Y/evVa+m+S4VAOaQ64uFKcCZo="
    },
    "iterare": {
      "version": "1.2.0",
      "resolved": "https://purecloud.jfrog.io/purecloud/api/npm/inin-internal-npm/iterare/-/iterare-1.2.0.tgz",
      "integrity": "sha1-dCf17UWYbktz4v6pA1efERfz3RU="
    },
    "jsbn": {
      "version": "0.1.1",
      "resolved": "https://purecloud.jfrog.io/purecloud/api/npm/inin-internal-npm/jsbn/-/jsbn-0.1.1.tgz",
      "integrity": "sha1-peZUwuWi3rXyAdls77yoDA7y9RM="
    },
    "json-schema": {
      "version": "0.2.3",
      "resolved": "https://purecloud.jfrog.io/purecloud/api/npm/inin-internal-npm/json-schema/-/json-schema-0.2.3.tgz",
      "integrity": "sha1-tIDIkuWaLwWVTOcnvT8qTogvnhM="
    },
    "json-schema-traverse": {
      "version": "0.4.1",
      "resolved": "https://purecloud.jfrog.io/purecloud/api/npm/inin-internal-npm/json-schema-traverse/-/json-schema-traverse-0.4.1.tgz",
      "integrity": "sha1-afaofZUTq4u4/mO9sJecRI5oRmA="
    },
    "json-stringify-safe": {
      "version": "5.0.1",
      "resolved": "https://purecloud.jfrog.io/purecloud/api/npm/inin-internal-npm/json-stringify-safe/-/json-stringify-safe-5.0.1.tgz",
      "integrity": "sha1-Epai1Y/UXxmg9s4B1lcB4sc1tus="
    },
    "jsprim": {
      "version": "1.4.1",
      "resolved": "https://purecloud.jfrog.io/purecloud/api/npm/inin-internal-npm/jsprim/-/jsprim-1.4.1.tgz",
      "integrity": "sha1-MT5mvB5cwG5Di8G3SZwuXFastqI=",
      "requires": {
        "assert-plus": "1.0.0",
        "extsprintf": "1.3.0",
        "json-schema": "0.2.3",
        "verror": "1.10.0"
      }
    },
    "levn": {
      "version": "0.3.0",
      "resolved": "https://purecloud.jfrog.io/purecloud/api/npm/inin-internal-npm/levn/-/levn-0.3.0.tgz",
      "integrity": "sha1-OwmSTt+fCDwEkP3UwLxEIeBHZO4=",
      "requires": {
        "prelude-ls": "~1.1.2",
        "type-check": "~0.3.2"
      }
    },
    "light-my-request": {
      "version": "3.7.0",
      "resolved": "https://purecloud.jfrog.io/purecloud/api/npm/inin-internal-npm/light-my-request/-/light-my-request-3.7.0.tgz",
      "integrity": "sha1-6chmxU3IsVOo4pAViEqa+3Kt/Hk=",
      "requires": {
        "ajv": "^6.10.2",
        "cookie": "^0.4.0",
        "readable-stream": "^3.4.0",
        "set-cookie-parser": "^2.4.1"
      }
    },
    "lodash": {
      "version": "4.17.15",
      "resolved": "https://purecloud.jfrog.io/purecloud/api/npm/inin-internal-npm/lodash/-/lodash-4.17.15.tgz",
      "integrity": "sha1-tEf2ZwoEVbv+7dETku/zMOoJdUg="
    },
    "lru-queue": {
      "version": "0.1.0",
      "resolved": "https://purecloud.jfrog.io/purecloud/api/npm/inin-internal-npm/lru-queue/-/lru-queue-0.1.0.tgz",
      "integrity": "sha1-Jzi9nw089PhEkMVzbEhpmsYyzaM=",
      "requires": {
        "es5-ext": "~0.10.2"
      }
    },
    "memoizee": {
      "version": "0.4.14",
      "resolved": "https://purecloud.jfrog.io/purecloud/api/npm/inin-internal-npm/memoizee/-/memoizee-0.4.14.tgz",
      "integrity": "sha1-B6APIEaZ+alcLZ53IYJxx81hDVc=",
      "requires": {
        "d": "1",
        "es5-ext": "^0.10.45",
        "es6-weak-map": "^2.0.2",
        "event-emitter": "^0.3.5",
        "is-promise": "^2.1",
        "lru-queue": "0.1",
        "next-tick": "1",
        "timers-ext": "^0.1.5"
      }
    },
    "methods": {
      "version": "1.1.2",
      "resolved": "https://purecloud.jfrog.io/purecloud/api/npm/inin-internal-npm/methods/-/methods-1.1.2.tgz",
      "integrity": "sha1-VSmk1nZUE07cxSZmVoNbD4Ua/O4="
    },
    "middie": {
      "version": "4.1.0",
      "resolved": "https://purecloud.jfrog.io/purecloud/api/npm/inin-internal-npm/middie/-/middie-4.1.0.tgz",
      "integrity": "sha1-D+mGyD1QgUiVFMoaLaulyjYmNDY=",
      "requires": {
        "path-to-regexp": "^4.0.0",
        "reusify": "^1.0.2"
      },
      "dependencies": {
        "path-to-regexp": {
          "version": "4.0.5",
          "resolved": "https://purecloud.jfrog.io/purecloud/api/npm/inin-internal-npm/path-to-regexp/-/path-to-regexp-4.0.5.tgz",
          "integrity": "sha1-LU/RQK+aNpv3to93p/3DQEkPQjk="
        }
      }
    },
    "mime-db": {
      "version": "1.43.0",
      "resolved": "https://purecloud.jfrog.io/purecloud/api/npm/inin-internal-npm/mime-db/-/mime-db-1.43.0.tgz",
      "integrity": "sha1-ChLgUCZQ5HPXNVNQUOfI9OtPrlg="
    },
    "mime-types": {
      "version": "2.1.26",
      "resolved": "https://purecloud.jfrog.io/purecloud/api/npm/inin-internal-npm/mime-types/-/mime-types-2.1.26.tgz",
      "integrity": "sha1-nJIfwJt+FJpl39wNpNIJlyALCgY=",
      "requires": {
        "mime-db": "1.43.0"
      }
    },
    "ms": {
      "version": "2.1.2",
      "resolved": "https://purecloud.jfrog.io/purecloud/api/npm/inin-internal-npm/ms/-/ms-2.1.2.tgz",
      "integrity": "sha1-0J0fNXtEP0kzgqjrPM0YOHKuYAk="
    },
    "nan": {
      "version": "2.14.0",
      "resolved": "https://purecloud.jfrog.io/purecloud/api/npm/inin-internal-npm/nan/-/nan-2.14.0.tgz",
      "integrity": "sha1-eBj3IgJ7JFmobwKV1DTR/CM2xSw=",
      "optional": true
    },
    "newrelic": {
      "version": "6.2.0",
      "resolved": "https://purecloud.jfrog.io/purecloud/api/npm/inin-internal-npm/newrelic/-/newrelic-6.2.0.tgz",
      "integrity": "sha1-c1DLRwchvJ9BuY7r5VtsTMaCwBo=",
      "requires": {
        "@newrelic/aws-sdk": "^1.0.0",
        "@newrelic/koa": "^3.0.0",
        "@newrelic/native-metrics": "^5.0.0",
        "@newrelic/superagent": "^2.0.0",
        "@tyriar/fibonacci-heap": "^2.0.7",
        "async": "^2.1.4",
        "concat-stream": "^2.0.0",
        "escodegen": "^1.11.1",
        "esprima": "^4.0.1",
        "https-proxy-agent": "^3.0.0",
        "json-stringify-safe": "^5.0.0",
        "readable-stream": "^3.1.1",
        "semver": "^5.3.0"
      }
    },
    "next-tick": {
      "version": "1.0.0",
      "resolved": "https://purecloud.jfrog.io/purecloud/api/npm/inin-internal-npm/next-tick/-/next-tick-1.0.0.tgz",
      "integrity": "sha1-yobR/ogoFpsBICCOPchCS524NCw="
    },
    "node-fetch": {
      "version": "2.6.0",
      "resolved": "https://purecloud.jfrog.io/purecloud/api/npm/inin-internal-npm/node-fetch/-/node-fetch-2.6.0.tgz",
      "integrity": "sha1-5jNFY4bUqlWGP2dqerDaqP3ssP0="
    },
    "oauth-sign": {
      "version": "0.9.0",
      "resolved": "https://purecloud.jfrog.io/purecloud/api/npm/inin-internal-npm/oauth-sign/-/oauth-sign-0.9.0.tgz",
      "integrity": "sha1-R6ewFrqmi1+g7PPe4IqFxnmsZFU="
    },
    "object-hash": {
      "version": "2.0.1",
      "resolved": "https://purecloud.jfrog.io/purecloud/api/npm/inin-internal-npm/object-hash/-/object-hash-2.0.1.tgz",
      "integrity": "sha1-zvGKDJQMxgqieWXs9Jt4LL8QHZY="
    },
    "optionator": {
      "version": "0.8.3",
      "resolved": "https://purecloud.jfrog.io/purecloud/api/npm/inin-internal-npm/optionator/-/optionator-0.8.3.tgz",
      "integrity": "sha1-hPodA2/p08fiHZmIS2ARZ+yPtJU=",
      "requires": {
        "deep-is": "~0.1.3",
        "fast-levenshtein": "~2.0.6",
        "levn": "~0.3.0",
        "prelude-ls": "~1.1.2",
        "type-check": "~0.3.2",
        "word-wrap": "~1.2.3"
      }
    },
    "path-to-regexp": {
      "version": "3.2.0",
      "resolved": "https://purecloud.jfrog.io/purecloud/api/npm/inin-internal-npm/path-to-regexp/-/path-to-regexp-3.2.0.tgz",
      "integrity": "sha1-+nh37LxJXGAZB1YiIkU8Q8wgSl8="
    },
    "performance-now": {
      "version": "2.1.0",
      "resolved": "https://purecloud.jfrog.io/purecloud/api/npm/inin-internal-npm/performance-now/-/performance-now-2.1.0.tgz",
      "integrity": "sha1-Ywn04OX6kT7BxpMHrjZLSzd8nns="
    },
    "pino": {
      "version": "5.16.0",
      "resolved": "https://purecloud.jfrog.io/purecloud/api/npm/inin-internal-npm/pino/-/pino-5.16.0.tgz",
      "integrity": "sha1-lNAcs4tfShbdTXxHqkifv+QMPAY=",
      "requires": {
        "fast-redact": "^2.0.0",
        "fast-safe-stringify": "^2.0.7",
        "flatstr": "^1.0.12",
        "pino-std-serializers": "^2.4.2",
        "quick-format-unescaped": "^3.0.3",
        "sonic-boom": "^0.7.5"
      }
    },
    "pino-std-serializers": {
      "version": "2.4.2",
      "resolved": "https://purecloud.jfrog.io/purecloud/api/npm/inin-internal-npm/pino-std-serializers/-/pino-std-serializers-2.4.2.tgz",
      "integrity": "sha1-y14+WMNYsm+Ilp1+YZrlS9/MGuE="
    },
    "prelude-ls": {
      "version": "1.1.2",
      "resolved": "https://purecloud.jfrog.io/purecloud/api/npm/inin-internal-npm/prelude-ls/-/prelude-ls-1.1.2.tgz",
      "integrity": "sha1-IZMqVJ9eUv/ZqCf1cOBL5iqX2lQ="
    },
    "proxy-addr": {
      "version": "2.0.5",
      "resolved": "https://purecloud.jfrog.io/purecloud/api/npm/inin-internal-npm/proxy-addr/-/proxy-addr-2.0.5.tgz",
      "integrity": "sha1-NMvWSi2B9LH9IedvnwbIpFKZ7jQ=",
      "requires": {
        "forwarded": "~0.1.2",
        "ipaddr.js": "1.9.0"
      }
    },
    "psl": {
      "version": "1.7.0",
      "resolved": "https://purecloud.jfrog.io/purecloud/api/npm/inin-internal-npm/psl/-/psl-1.7.0.tgz",
      "integrity": "sha1-8cTEeo75cWfepda79IFtc26ISjw="
    },
    "punycode": {
      "version": "2.1.1",
      "resolved": "https://purecloud.jfrog.io/purecloud/api/npm/inin-internal-npm/punycode/-/punycode-2.1.1.tgz",
      "integrity": "sha1-tYsBCsQMIsVldhbI0sLALHv0eew="
    },
    "qs": {
      "version": "6.9.1",
      "resolved": "https://purecloud.jfrog.io/purecloud/api/npm/inin-internal-npm/qs/-/qs-6.9.1.tgz",
      "integrity": "sha1-IAgsZct4IjY1qxqerKiHWim/jsk="
    },
    "quick-format-unescaped": {
      "version": "3.0.3",
      "resolved": "https://purecloud.jfrog.io/purecloud/api/npm/inin-internal-npm/quick-format-unescaped/-/quick-format-unescaped-3.0.3.tgz",
      "integrity": "sha1-+z5GisZMAdIjBYBsOfEh3awNH7k="
    },
    "readable-stream": {
      "version": "3.5.0",
      "resolved": "https://purecloud.jfrog.io/purecloud/api/npm/inin-internal-npm/readable-stream/-/readable-stream-3.5.0.tgz",
      "integrity": "sha1-Rl1w5tEIf2Fi0HnNC123++v9FgY=",
      "requires": {
        "inherits": "^2.0.3",
        "string_decoder": "^1.1.1",
        "util-deprecate": "^1.0.1"
      }
    },
    "reflect-metadata": {
      "version": "0.1.13",
      "resolved": "https://purecloud.jfrog.io/purecloud/api/npm/inin-internal-npm/reflect-metadata/-/reflect-metadata-0.1.13.tgz",
      "integrity": "sha1-Z648pXyXKiqhZCsQ/jY/4y1J3Ag="
    },
    "request": {
      "version": "2.88.0",
      "resolved": "https://purecloud.jfrog.io/purecloud/api/npm/inin-internal-npm/request/-/request-2.88.0.tgz",
      "integrity": "sha1-nC/KT301tZLv5Xx/ClXoEFIST+8=",
      "requires": {
        "aws-sign2": "~0.7.0",
        "aws4": "^1.8.0",
        "caseless": "~0.12.0",
        "combined-stream": "~1.0.6",
        "extend": "~3.0.2",
        "forever-agent": "~0.6.1",
        "form-data": "~2.3.2",
        "har-validator": "~5.1.0",
        "http-signature": "~1.2.0",
        "is-typedarray": "~1.0.0",
        "isstream": "~0.1.2",
        "json-stringify-safe": "~5.0.1",
        "mime-types": "~2.1.19",
        "oauth-sign": "~0.9.0",
        "performance-now": "^2.1.0",
        "qs": "~6.5.2",
        "safe-buffer": "^5.1.2",
        "tough-cookie": "~2.4.3",
        "tunnel-agent": "^0.6.0",
        "uuid": "^3.3.2"
      },
      "dependencies": {
        "form-data": {
          "version": "2.3.3",
          "resolved": "https://purecloud.jfrog.io/purecloud/api/npm/inin-internal-npm/form-data/-/form-data-2.3.3.tgz",
          "integrity": "sha1-3M5SwF9kTymManq5Nr1yTO/786Y=",
          "requires": {
            "asynckit": "^0.4.0",
            "combined-stream": "^1.0.6",
            "mime-types": "^2.1.12"
          }
        },
        "punycode": {
          "version": "1.4.1",
          "resolved": "https://purecloud.jfrog.io/purecloud/api/npm/inin-internal-npm/punycode/-/punycode-1.4.1.tgz",
          "integrity": "sha1-wNWmOycYgArY4esPpSachN1BhF4="
        },
        "qs": {
          "version": "6.5.2",
          "resolved": "https://purecloud.jfrog.io/purecloud/api/npm/inin-internal-npm/qs/-/qs-6.5.2.tgz",
          "integrity": "sha1-yzroBuh0BERYTvFUzo7pjUA/PjY="
        },
        "tough-cookie": {
          "version": "2.4.3",
          "resolved": "https://purecloud.jfrog.io/purecloud/api/npm/inin-internal-npm/tough-cookie/-/tough-cookie-2.4.3.tgz",
          "integrity": "sha1-U/Nto/R3g7CSWvoG/587FlKA94E=",
          "requires": {
            "psl": "^1.1.24",
            "punycode": "^1.4.1"
          }
        }
      }
    },
    "request-promise-core": {
      "version": "1.1.3",
      "resolved": "https://purecloud.jfrog.io/purecloud/api/npm/inin-internal-npm/request-promise-core/-/request-promise-core-1.1.3.tgz",
      "integrity": "sha1-6aPAgbUTgN/qZ3M2Bh/qh5qCnuk=",
      "requires": {
        "lodash": "^4.17.15"
      }
    },
    "request-promise-native": {
      "version": "1.0.8",
      "resolved": "https://purecloud.jfrog.io/purecloud/api/npm/inin-internal-npm/request-promise-native/-/request-promise-native-1.0.8.tgz",
      "integrity": "sha1-pFW5YLgm5E4r+Jma9k3/K/5YyzY=",
      "requires": {
        "request-promise-core": "1.1.3",
        "stealthy-require": "^1.1.1",
        "tough-cookie": "^2.3.3"
      }
    },
    "ret": {
      "version": "0.2.2",
      "resolved": "https://purecloud.jfrog.io/purecloud/api/npm/inin-internal-npm/ret/-/ret-0.2.2.tgz",
      "integrity": "sha1-toYXgqH0di3OQ0Aqcet6KD9EVzw="
    },
    "reusify": {
      "version": "1.0.4",
      "resolved": "https://purecloud.jfrog.io/purecloud/api/npm/inin-internal-npm/reusify/-/reusify-1.0.4.tgz",
      "integrity": "sha1-kNo4Kx4SbvwCFG6QhFqI2xKSXXY="
    },
    "rfdc": {
      "version": "1.1.4",
      "resolved": "https://purecloud.jfrog.io/purecloud/api/npm/inin-internal-npm/rfdc/-/rfdc-1.1.4.tgz",
      "integrity": "sha1-unLME2egzNnPgahws7WL060H+MI="
    },
    "rxjs": {
      "version": "6.5.4",
      "resolved": "https://purecloud.jfrog.io/purecloud/api/npm/inin-internal-npm/rxjs/-/rxjs-6.5.4.tgz",
      "integrity": "sha1-4Hd/4NGEzseHLfFH8wNXLUFOIRw=",
      "requires": {
        "tslib": "^1.9.0"
      }
    },
    "safe-buffer": {
      "version": "5.2.0",
      "resolved": "https://purecloud.jfrog.io/purecloud/api/npm/inin-internal-npm/safe-buffer/-/safe-buffer-5.2.0.tgz",
      "integrity": "sha1-t02uxJsRSPiMZLaNSbHoFcHy9Rk="
    },
    "safe-regex2": {
      "version": "2.0.0",
      "resolved": "https://purecloud.jfrog.io/purecloud/api/npm/inin-internal-npm/safe-regex2/-/safe-regex2-2.0.0.tgz",
      "integrity": "sha1-sodSTDl8eimURwNn4BheGRax9bk=",
      "requires": {
        "ret": "~0.2.0"
      }
    },
    "safer-buffer": {
      "version": "2.1.2",
      "resolved": "https://purecloud.jfrog.io/purecloud/api/npm/inin-internal-npm/safer-buffer/-/safer-buffer-2.1.2.tgz",
      "integrity": "sha1-RPoWGwGHuVSd2Eu5GAL5vYOFzWo="
    },
    "secure-json-parse": {
      "version": "2.1.0",
      "resolved": "https://purecloud.jfrog.io/purecloud/api/npm/inin-internal-npm/secure-json-parse/-/secure-json-parse-2.1.0.tgz",
      "integrity": "sha1-rnb1YkJWtcSXr4hwkKXZ4VbJ+yA="
    },
    "semver": {
      "version": "5.7.1",
      "resolved": "https://purecloud.jfrog.io/purecloud/api/npm/inin-internal-npm/semver/-/semver-5.7.1.tgz",
      "integrity": "sha1-qVT5Ma66UI0we78Gnv8MAclhFvc="
    },
    "semver-store": {
      "version": "0.3.0",
      "resolved": "https://purecloud.jfrog.io/purecloud/api/npm/inin-internal-npm/semver-store/-/semver-store-0.3.0.tgz",
      "integrity": "sha1-zmAv8H3zcIDsn0+0CylXZUe+++k="
    },
    "set-cookie-parser": {
      "version": "2.4.1",
      "resolved": "https://purecloud.jfrog.io/purecloud/api/npm/inin-internal-npm/set-cookie-parser/-/set-cookie-parser-2.4.1.tgz",
      "integrity": "sha1-t30AICQWKLjOErFuyK9JLnc68xo="
    },
    "sonic-boom": {
      "version": "0.7.6",
      "resolved": "https://purecloud.jfrog.io/purecloud/api/npm/inin-internal-npm/sonic-boom/-/sonic-boom-0.7.6.tgz",
      "integrity": "sha1-xC3234hKaj1U+npFsR5OIZaBjUU=",
      "requires": {
        "flatstr": "^1.0.12"
      }
    },
    "source-map": {
      "version": "0.6.1",
      "resolved": "https://purecloud.jfrog.io/purecloud/api/npm/inin-internal-npm/source-map/-/source-map-0.6.1.tgz",
      "integrity": "sha1-dHIq8y6WFOnCh6jQu95IteLxomM=",
      "optional": true
    },
    "sshpk": {
      "version": "1.16.1",
      "resolved": "https://purecloud.jfrog.io/purecloud/api/npm/inin-internal-npm/sshpk/-/sshpk-1.16.1.tgz",
      "integrity": "sha1-+2YcC+8ps520B2nuOfpwCT1vaHc=",
      "requires": {
        "asn1": "~0.2.3",
        "assert-plus": "^1.0.0",
        "bcrypt-pbkdf": "^1.0.0",
        "dashdash": "^1.12.0",
        "ecc-jsbn": "~0.1.1",
        "getpass": "^0.1.1",
        "jsbn": "~0.1.0",
        "safer-buffer": "^2.0.2",
        "tweetnacl": "~0.14.0"
      }
    },
    "stealthy-require": {
      "version": "1.1.1",
      "resolved": "https://purecloud.jfrog.io/purecloud/api/npm/inin-internal-npm/stealthy-require/-/stealthy-require-1.1.1.tgz",
      "integrity": "sha1-NbCYdbT/SfJqd35QmzCQoyJr8ks="
    },
    "string-similarity": {
      "version": "4.0.1",
      "resolved": "https://purecloud.jfrog.io/purecloud/api/npm/inin-internal-npm/string-similarity/-/string-similarity-4.0.1.tgz",
      "integrity": "sha1-6nwR8Ak8swiM3MXrFs/ZDLVJYvc="
    },
    "string_decoder": {
      "version": "1.3.0",
      "resolved": "https://purecloud.jfrog.io/purecloud/api/npm/inin-internal-npm/string_decoder/-/string_decoder-1.3.0.tgz",
      "integrity": "sha1-QvEUWUpGzxqOMLCoT1bHjD7awh4=",
      "requires": {
        "safe-buffer": "~5.2.0"
      }
    },
    "supports-color": {
      "version": "5.5.0",
      "resolved": "https://purecloud.jfrog.io/purecloud/api/npm/inin-internal-npm/supports-color/-/supports-color-5.5.0.tgz",
      "integrity": "sha1-4uaaRKyHcveKHsCzW2id9lMO/I8=",
      "requires": {
        "has-flag": "^3.0.0"
      }
    },
    "timers-ext": {
      "version": "0.1.7",
      "resolved": "https://purecloud.jfrog.io/purecloud/api/npm/inin-internal-npm/timers-ext/-/timers-ext-0.1.7.tgz",
      "integrity": "sha1-b1ethXjgej+5+R2Th9ZWR1VeJcY=",
      "requires": {
        "es5-ext": "~0.10.46",
        "next-tick": "1"
      }
    },
    "tiny-lru": {
      "version": "7.0.2",
      "resolved": "https://purecloud.jfrog.io/purecloud/api/npm/inin-internal-npm/tiny-lru/-/tiny-lru-7.0.2.tgz",
      "integrity": "sha1-aohT3rHjVfTIhjvxKJM34+On6XM="
    },
    "tough-cookie": {
      "version": "2.5.0",
      "resolved": "https://purecloud.jfrog.io/purecloud/api/npm/inin-internal-npm/tough-cookie/-/tough-cookie-2.5.0.tgz",
      "integrity": "sha1-zZ+yoKodWhK0c72fuW+j3P9lreI=",
      "requires": {
        "psl": "^1.1.28",
        "punycode": "^2.1.1"
      }
    },
    "tslib": {
      "version": "1.10.0",
      "resolved": "https://purecloud.jfrog.io/purecloud/api/npm/inin-internal-npm/tslib/-/tslib-1.10.0.tgz",
      "integrity": "sha1-w8GflZc/sKYpc/sJ2Q2WHuQ+XIo="
    },
    "tunnel-agent": {
      "version": "0.6.0",
      "resolved": "https://purecloud.jfrog.io/purecloud/api/npm/inin-internal-npm/tunnel-agent/-/tunnel-agent-0.6.0.tgz",
      "integrity": "sha1-J6XeoGs2sEoKmWZ3SykIaPD8QP0=",
      "requires": {
        "safe-buffer": "^5.0.1"
      }
    },
    "tweetnacl": {
      "version": "0.14.5",
      "resolved": "https://purecloud.jfrog.io/purecloud/api/npm/inin-internal-npm/tweetnacl/-/tweetnacl-0.14.5.tgz",
      "integrity": "sha1-WuaBd/GS1EViadEIr6k/+HQ/T2Q="
    },
    "type": {
      "version": "1.2.0",
      "resolved": "https://purecloud.jfrog.io/purecloud/api/npm/inin-internal-npm/type/-/type-1.2.0.tgz",
      "integrity": "sha1-hI3XaY2vo+VKbEeedZxLw/GIR6A="
    },
    "type-check": {
      "version": "0.3.2",
      "resolved": "https://purecloud.jfrog.io/purecloud/api/npm/inin-internal-npm/type-check/-/type-check-0.3.2.tgz",
      "integrity": "sha1-WITKtRLPHTVeP7eE8wgEsrUg23I=",
      "requires": {
        "prelude-ls": "~1.1.2"
      }
    },
    "typedarray": {
      "version": "0.0.6",
      "resolved": "https://purecloud.jfrog.io/purecloud/api/npm/inin-internal-npm/typedarray/-/typedarray-0.0.6.tgz",
      "integrity": "sha1-hnrHTjhkGHsdPUfZlqeOxciDB3c="
    },
    "typescript": {
      "version": "3.7.5",
      "resolved": "https://purecloud.jfrog.io/purecloud/api/npm/inin-internal-npm/typescript/-/typescript-3.7.5.tgz",
      "integrity": "sha1-BpLiH2X9QQi5MwI4qsEd0uF3oa4=",
      "dev": true
    },
    "uri-js": {
      "version": "4.2.2",
      "resolved": "https://purecloud.jfrog.io/purecloud/api/npm/inin-internal-npm/uri-js/-/uri-js-4.2.2.tgz",
      "integrity": "sha1-lMVA4f93KVbiKZUHwBCupsiDjrA=",
      "requires": {
        "punycode": "^2.1.0"
      }
    },
    "util-deprecate": {
      "version": "1.0.2",
      "resolved": "https://purecloud.jfrog.io/purecloud/api/npm/inin-internal-npm/util-deprecate/-/util-deprecate-1.0.2.tgz",
      "integrity": "sha1-RQ1Nyfpw3nMnYvvS1KKJgUGaDM8="
    },
    "uuid": {
      "version": "3.4.0",
      "resolved": "https://purecloud.jfrog.io/purecloud/api/npm/inin-internal-npm/uuid/-/uuid-3.4.0.tgz",
      "integrity": "sha1-sj5DWK+oogL+ehAK8fX4g/AgB+4="
    },
    "vary": {
      "version": "1.1.2",
      "resolved": "https://purecloud.jfrog.io/purecloud/api/npm/inin-internal-npm/vary/-/vary-1.1.2.tgz",
      "integrity": "sha1-IpnwLG3tMNSllhsLn3RSShj2NPw="
    },
    "verror": {
      "version": "1.10.0",
      "resolved": "https://purecloud.jfrog.io/purecloud/api/npm/inin-internal-npm/verror/-/verror-1.10.0.tgz",
      "integrity": "sha1-OhBcoXBTr1XW4nDB+CiGguGNpAA=",
      "requires": {
        "assert-plus": "^1.0.0",
        "core-util-is": "1.0.2",
        "extsprintf": "^1.2.0"
      }
    },
    "word-wrap": {
      "version": "1.2.3",
      "resolved": "https://purecloud.jfrog.io/purecloud/api/npm/inin-internal-npm/word-wrap/-/word-wrap-1.2.3.tgz",
      "integrity": "sha1-YQY29rH3A4kb00dxzLF/uTtHB5w="
    }
  }
}
